
Microsoft Visual Studio Solution File, Format Version 12.00
# Visual Studio Version 16
VisualStudioVersion = 16.0.31729.503
MinimumVisualStudioVersion = 10.0.40219.1
Project("{9A19103F-16F7-4668-BE54-9A1E7A4F7556}") = "SwissRETS.Tests", "SwissRETS.Tests.csproj", "{9FF086DB-B05A-4369-99A5-F4FEB4E6411D}"
EndProject
Global
	GlobalSection(SolutionConfigurationPlatforms) = preSolution
		Debug|Any CPU = Debug|Any CPU
		Release|Any CPU = Release|Any CPU
	EndGlobalSection
	GlobalSection(ProjectConfigurationPlatforms) = postSolution
		{9FF086DB-B05A-4369-99A5-F4FEB4E6411D}.Debug|Any CPU.ActiveCfg = Debug|Any CPU
		{9FF086DB-B05A-4369-99A5-F4FEB4E6411D}.Debug|Any CPU.Build.0 = Debug|Any CPU
		{9FF086DB-B05A-4369-99A5-F4FEB4E6411D}.Release|Any CPU.ActiveCfg = Release|Any CPU
		{9FF086DB-B05A-4369-99A5-F4FEB4E6411D}.Release|Any CPU.Build.0 = Release|Any CPU
	EndGlobalSection
	GlobalSection(SolutionProperties) = preSolution
		HideSolutionNode = FALSE
	EndGlobalSection
	GlobalSection(ExtensibilityGlobals) = postSolution
		SolutionGuid = {3AD6AD2A-12E6-40A3-9DE1-2E9C0BE94D4E}
	EndGlobalSection
EndGlobal
